
Microsoft Visual Studio Solution File, Format Version 11.00
# Visual Studio 2010
Project("{FAE04EC0-301F-11D3-BF4B-00C04F79EFBC}") = "TeddyBearVR_Maxime", "Assembly-CSharp.csproj", "{2329D633-972F-3B3A-7C4E-C3F51E31663A}"
EndProject
Project("{FAE04EC0-301F-11D3-BF4B-00C04F79EFBC}") = "TeddyBearVR_Maxime", "Assembly-CSharp-Editor.csproj", "{6B911413-6321-4585-B961-6090FC8B3779}"
EndProject
Global
	GlobalSection(SolutionConfigurationPlatforms) = preSolution
		Debug|Any CPU = Debug|Any CPU
		Release|Any CPU = Release|Any CPU
	EndGlobalSection
	GlobalSection(ProjectConfigurationPlatforms) = postSolution
		{2329D633-972F-3B3A-7C4E-C3F51E31663A}.Debug|Any CPU.ActiveCfg = Debug|Any CPU
		{2329D633-972F-3B3A-7C4E-C3F51E31663A}.Debug|Any CPU.Build.0 = Debug|Any CPU
		{2329D633-972F-3B3A-7C4E-C3F51E31663A}.Release|Any CPU.ActiveCfg = Release|Any CPU
		{2329D633-972F-3B3A-7C4E-C3F51E31663A}.Release|Any CPU.Build.0 = Release|Any CPU
		{6B911413-6321-4585-B961-6090FC8B3779}.Debug|Any CPU.ActiveCfg = Debug|Any CPU
		{6B911413-6321-4585-B961-6090FC8B3779}.Debug|Any CPU.Build.0 = Debug|Any CPU
		{6B911413-6321-4585-B961-6090FC8B3779}.Release|Any CPU.ActiveCfg = Release|Any CPU
		{6B911413-6321-4585-B961-6090FC8B3779}.Release|Any CPU.Build.0 = Release|Any CPU
	EndGlobalSection
	GlobalSection(SolutionProperties) = preSolution
		HideSolutionNode = FALSE
	EndGlobalSection
	GlobalSection(MonoDevelopProperties) = preSolution
		StartupItem = Assembly-CSharp.csproj
	EndGlobalSection
EndGlobal
